<?xml version="1.0" encoding="utf-8"?>
<Project ToolsVersion="16.0" xmlns="http://schemas.microsoft.com/developer/msbuild/2003">
  <ItemGroup>
    <CustomBuild Include="D:\program\katago_windows\KataGo\build-eigen\CMakeFiles\751daeb50d27c9c2e2f348ab0a0a4b58\generate.stamp.rule">
      <Filter>CMake Rules</Filter>
    </CustomBuild>
  </ItemGroup>
  <ItemGroup>
    <Filter Include="CMake Rules">
      <UniqueIdentifier>{D3380DE6-AB3D-38BD-ADDC-7BA86880B4F0}</UniqueIdentifier>
    </Filter>
  </ItemGroup>
</Project>
