<?xml version="1.0" encoding="utf-8"?>
<Project ToolsVersion="16.0" xmlns="http://schemas.microsoft.com/developer/msbuild/2003">
  <ItemGroup>
    <ClCompile Include="D:\program\katago_windows\KataGo\cpp\core\global.cpp">
      <Filter>Source Files</Filter>
    </ClCompile>
    <ClCompile Include="D:\program\katago_windows\KataGo\cpp\core\base64.cpp">
      <Filter>Source Files</Filter>
    </ClCompile>
    <ClCompile Include="D:\program\katago_windows\KataGo\cpp\core\bsearch.cpp">
      <Filter>Source Files</Filter>
    </ClCompile>
    <ClCompile Include="D:\program\katago_windows\KataGo\cpp\core\commandloop.cpp">
      <Filter>Source Files</Filter>
    </ClCompile>
    <ClCompile Include="D:\program\katago_windows\KataGo\cpp\core\config_parser.cpp">
      <Filter>Source Files</Filter>
    </ClCompile>
    <ClCompile Include="D:\program\katago_windows\KataGo\cpp\core\datetime.cpp">
      <Filter>Source Files</Filter>
    </ClCompile>
    <ClCompile Include="D:\program\katago_windows\KataGo\cpp\core\elo.cpp">
      <Filter>Source Files</Filter>
    </ClCompile>
    <ClCompile Include="D:\program\katago_windows\KataGo\cpp\core\fancymath.cpp">
      <Filter>Source Files</Filter>
    </ClCompile>
    <ClCompile Include="D:\program\katago_windows\KataGo\cpp\core\fileutils.cpp">
      <Filter>Source Files</Filter>
    </ClCompile>
    <ClCompile Include="D:\program\katago_windows\KataGo\cpp\core\hash.cpp">
      <Filter>Source Files</Filter>
    </ClCompile>
    <ClCompile Include="D:\program\katago_windows\KataGo\cpp\core\logger.cpp">
      <Filter>Source Files</Filter>
    </ClCompile>
    <ClCompile Include="D:\program\katago_windows\KataGo\cpp\core\mainargs.cpp">
      <Filter>Source Files</Filter>
    </ClCompile>
    <ClCompile Include="D:\program\katago_windows\KataGo\cpp\core\makedir.cpp">
      <Filter>Source Files</Filter>
    </ClCompile>
    <ClCompile Include="D:\program\katago_windows\KataGo\cpp\core\md5.cpp">
      <Filter>Source Files</Filter>
    </ClCompile>
    <ClCompile Include="D:\program\katago_windows\KataGo\cpp\core\multithread.cpp">
      <Filter>Source Files</Filter>
    </ClCompile>
    <ClCompile Include="D:\program\katago_windows\KataGo\cpp\core\rand.cpp">
      <Filter>Source Files</Filter>
    </ClCompile>
    <ClCompile Include="D:\program\katago_windows\KataGo\cpp\core\rand_helpers.cpp">
      <Filter>Source Files</Filter>
    </ClCompile>
    <ClCompile Include="D:\program\katago_windows\KataGo\cpp\core\sha2.cpp">
      <Filter>Source Files</Filter>
    </ClCompile>
    <ClCompile Include="D:\program\katago_windows\KataGo\cpp\core\test.cpp">
      <Filter>Source Files</Filter>
    </ClCompile>
    <ClCompile Include="D:\program\katago_windows\KataGo\cpp\core\threadsafecounter.cpp">
      <Filter>Source Files</Filter>
    </ClCompile>
    <ClCompile Include="D:\program\katago_windows\KataGo\cpp\core\threadsafequeue.cpp">
      <Filter>Source Files</Filter>
    </ClCompile>
    <ClCompile Include="D:\program\katago_windows\KataGo\cpp\core\threadtest.cpp">
      <Filter>Source Files</Filter>
    </ClCompile>
    <ClCompile Include="D:\program\katago_windows\KataGo\cpp\core\timer.cpp">
      <Filter>Source Files</Filter>
    </ClCompile>
    <ClCompile Include="D:\program\katago_windows\KataGo\cpp\game\board.cpp">
      <Filter>Source Files</Filter>
    </ClCompile>
    <ClCompile Include="D:\program\katago_windows\KataGo\cpp\game\rules.cpp">
      <Filter>Source Files</Filter>
    </ClCompile>
    <ClCompile Include="D:\program\katago_windows\KataGo\cpp\game\boardhistory.cpp">
      <Filter>Source Files</Filter>
    </ClCompile>
    <ClCompile Include="D:\program\katago_windows\KataGo\cpp\game\graphhash.cpp">
      <Filter>Source Files</Filter>
    </ClCompile>
    <ClCompile Include="D:\program\katago_windows\KataGo\cpp\dataio\sgf.cpp">
      <Filter>Source Files</Filter>
    </ClCompile>
    <ClCompile Include="D:\program\katago_windows\KataGo\cpp\dataio\numpywrite.cpp">
      <Filter>Source Files</Filter>
    </ClCompile>
    <ClCompile Include="D:\program\katago_windows\KataGo\cpp\dataio\trainingwrite.cpp">
      <Filter>Source Files</Filter>
    </ClCompile>
    <ClCompile Include="D:\program\katago_windows\KataGo\cpp\dataio\loadmodel.cpp">
      <Filter>Source Files</Filter>
    </ClCompile>
    <ClCompile Include="D:\program\katago_windows\KataGo\cpp\dataio\homedata.cpp">
      <Filter>Source Files</Filter>
    </ClCompile>
    <ClCompile Include="D:\program\katago_windows\KataGo\cpp\dataio\files.cpp">
      <Filter>Source Files</Filter>
    </ClCompile>
    <ClCompile Include="D:\program\katago_windows\KataGo\cpp\neuralnet\nninputs.cpp">
      <Filter>Source Files</Filter>
    </ClCompile>
    <ClCompile Include="D:\program\katago_windows\KataGo\cpp\neuralnet\modelversion.cpp">
      <Filter>Source Files</Filter>
    </ClCompile>
    <ClCompile Include="D:\program\katago_windows\KataGo\cpp\neuralnet\nneval.cpp">
      <Filter>Source Files</Filter>
    </ClCompile>
    <ClCompile Include="D:\program\katago_windows\KataGo\cpp\neuralnet\desc.cpp">
      <Filter>Source Files</Filter>
    </ClCompile>
    <ClCompile Include="D:\program\katago_windows\KataGo\cpp\neuralnet\openclbackend.cpp">
      <Filter>Source Files</Filter>
    </ClCompile>
    <ClCompile Include="D:\program\katago_windows\KataGo\cpp\neuralnet\openclkernels.cpp">
      <Filter>Source Files</Filter>
    </ClCompile>
    <ClCompile Include="D:\program\katago_windows\KataGo\cpp\neuralnet\openclhelpers.cpp">
      <Filter>Source Files</Filter>
    </ClCompile>
    <ClCompile Include="D:\program\katago_windows\KataGo\cpp\neuralnet\opencltuner.cpp">
      <Filter>Source Files</Filter>
    </ClCompile>
    <ClCompile Include="D:\program\katago_windows\KataGo\cpp\book\book.cpp">
      <Filter>Source Files</Filter>
    </ClCompile>
    <ClCompile Include="D:\program\katago_windows\KataGo\cpp\book\bookcssjs.cpp">
      <Filter>Source Files</Filter>
    </ClCompile>
    <ClCompile Include="D:\program\katago_windows\KataGo\cpp\search\timecontrols.cpp">
      <Filter>Source Files</Filter>
    </ClCompile>
    <ClCompile Include="D:\program\katago_windows\KataGo\cpp\search\searchparams.cpp">
      <Filter>Source Files</Filter>
    </ClCompile>
    <ClCompile Include="D:\program\katago_windows\KataGo\cpp\search\mutexpool.cpp">
      <Filter>Source Files</Filter>
    </ClCompile>
    <ClCompile Include="D:\program\katago_windows\KataGo\cpp\search\search.cpp">
      <Filter>Source Files</Filter>
    </ClCompile>
    <ClCompile Include="D:\program\katago_windows\KataGo\cpp\search\searchnode.cpp">
      <Filter>Source Files</Filter>
    </ClCompile>
    <ClCompile Include="D:\program\katago_windows\KataGo\cpp\search\searchresults.cpp">
      <Filter>Source Files</Filter>
    </ClCompile>
    <ClCompile Include="D:\program\katago_windows\KataGo\cpp\search\searchhelpers.cpp">
      <Filter>Source Files</Filter>
    </ClCompile>
    <ClCompile Include="D:\program\katago_windows\KataGo\cpp\search\searchexplorehelpers.cpp">
      <Filter>Source Files</Filter>
    </ClCompile>
    <ClCompile Include="D:\program\katago_windows\KataGo\cpp\search\searchmirror.cpp">
      <Filter>Source Files</Filter>
    </ClCompile>
    <ClCompile Include="D:\program\katago_windows\KataGo\cpp\search\searchmultithreadhelpers.cpp">
      <Filter>Source Files</Filter>
    </ClCompile>
    <ClCompile Include="D:\program\katago_windows\KataGo\cpp\search\searchnnhelpers.cpp">
      <Filter>Source Files</Filter>
    </ClCompile>
    <ClCompile Include="D:\program\katago_windows\KataGo\cpp\search\searchtimehelpers.cpp">
      <Filter>Source Files</Filter>
    </ClCompile>
    <ClCompile Include="D:\program\katago_windows\KataGo\cpp\search\searchupdatehelpers.cpp">
      <Filter>Source Files</Filter>
    </ClCompile>
    <ClCompile Include="D:\program\katago_windows\KataGo\cpp\search\asyncbot.cpp">
      <Filter>Source Files</Filter>
    </ClCompile>
    <ClCompile Include="D:\program\katago_windows\KataGo\cpp\search\distributiontable.cpp">
      <Filter>Source Files</Filter>
    </ClCompile>
    <ClCompile Include="D:\program\katago_windows\KataGo\cpp\search\localpattern.cpp">
      <Filter>Source Files</Filter>
    </ClCompile>
    <ClCompile Include="D:\program\katago_windows\KataGo\cpp\search\searchnodetable.cpp">
      <Filter>Source Files</Filter>
    </ClCompile>
    <ClCompile Include="D:\program\katago_windows\KataGo\cpp\search\subtreevaluebiastable.cpp">
      <Filter>Source Files</Filter>
    </ClCompile>
    <ClCompile Include="D:\program\katago_windows\KataGo\cpp\search\patternbonustable.cpp">
      <Filter>Source Files</Filter>
    </ClCompile>
    <ClCompile Include="D:\program\katago_windows\KataGo\cpp\search\analysisdata.cpp">
      <Filter>Source Files</Filter>
    </ClCompile>
    <ClCompile Include="D:\program\katago_windows\KataGo\cpp\search\reportedsearchvalues.cpp">
      <Filter>Source Files</Filter>
    </ClCompile>
    <ClCompile Include="D:\program\katago_windows\KataGo\cpp\program\gtpconfig.cpp">
      <Filter>Source Files</Filter>
    </ClCompile>
    <ClCompile Include="D:\program\katago_windows\KataGo\cpp\program\setup.cpp">
      <Filter>Source Files</Filter>
    </ClCompile>
    <ClCompile Include="D:\program\katago_windows\KataGo\cpp\program\playutils.cpp">
      <Filter>Source Files</Filter>
    </ClCompile>
    <ClCompile Include="D:\program\katago_windows\KataGo\cpp\program\playsettings.cpp">
      <Filter>Source Files</Filter>
    </ClCompile>
    <ClCompile Include="D:\program\katago_windows\KataGo\cpp\program\play.cpp">
      <Filter>Source Files</Filter>
    </ClCompile>
    <ClCompile Include="D:\program\katago_windows\KataGo\cpp\program\selfplaymanager.cpp">
      <Filter>Source Files</Filter>
    </ClCompile>
    <ClCompile Include="D:\program\katago_windows\KataGo\cpp\tests\testboardarea.cpp">
      <Filter>Source Files</Filter>
    </ClCompile>
    <ClCompile Include="D:\program\katago_windows\KataGo\cpp\tests\testboardbasic.cpp">
      <Filter>Source Files</Filter>
    </ClCompile>
    <ClCompile Include="D:\program\katago_windows\KataGo\cpp\tests\testcommon.cpp">
      <Filter>Source Files</Filter>
    </ClCompile>
    <ClCompile Include="D:\program\katago_windows\KataGo\cpp\tests\testconfig.cpp">
      <Filter>Source Files</Filter>
    </ClCompile>
    <ClCompile Include="D:\program\katago_windows\KataGo\cpp\tests\testmisc.cpp">
      <Filter>Source Files</Filter>
    </ClCompile>
    <ClCompile Include="D:\program\katago_windows\KataGo\cpp\tests\testnnevalcanary.cpp">
      <Filter>Source Files</Filter>
    </ClCompile>
    <ClCompile Include="D:\program\katago_windows\KataGo\cpp\tests\testrules.cpp">
      <Filter>Source Files</Filter>
    </ClCompile>
    <ClCompile Include="D:\program\katago_windows\KataGo\cpp\tests\testscore.cpp">
      <Filter>Source Files</Filter>
    </ClCompile>
    <ClCompile Include="D:\program\katago_windows\KataGo\cpp\tests\testsgf.cpp">
      <Filter>Source Files</Filter>
    </ClCompile>
    <ClCompile Include="D:\program\katago_windows\KataGo\cpp\tests\testsymmetries.cpp">
      <Filter>Source Files</Filter>
    </ClCompile>
    <ClCompile Include="D:\program\katago_windows\KataGo\cpp\tests\testnninputs.cpp">
      <Filter>Source Files</Filter>
    </ClCompile>
    <ClCompile Include="D:\program\katago_windows\KataGo\cpp\tests\testownership.cpp">
      <Filter>Source Files</Filter>
    </ClCompile>
    <ClCompile Include="D:\program\katago_windows\KataGo\cpp\tests\testsearchcommon.cpp">
      <Filter>Source Files</Filter>
    </ClCompile>
    <ClCompile Include="D:\program\katago_windows\KataGo\cpp\tests\testsearchnonn.cpp">
      <Filter>Source Files</Filter>
    </ClCompile>
    <ClCompile Include="D:\program\katago_windows\KataGo\cpp\tests\testsearch.cpp">
      <Filter>Source Files</Filter>
    </ClCompile>
    <ClCompile Include="D:\program\katago_windows\KataGo\cpp\tests\testsearchv3.cpp">
      <Filter>Source Files</Filter>
    </ClCompile>
    <ClCompile Include="D:\program\katago_windows\KataGo\cpp\tests\testsearchv8.cpp">
      <Filter>Source Files</Filter>
    </ClCompile>
    <ClCompile Include="D:\program\katago_windows\KataGo\cpp\tests\testsearchv9.cpp">
      <Filter>Source Files</Filter>
    </ClCompile>
    <ClCompile Include="D:\program\katago_windows\KataGo\cpp\tests\testsearchmisc.cpp">
      <Filter>Source Files</Filter>
    </ClCompile>
    <ClCompile Include="D:\program\katago_windows\KataGo\cpp\tests\testtime.cpp">
      <Filter>Source Files</Filter>
    </ClCompile>
    <ClCompile Include="D:\program\katago_windows\KataGo\cpp\tests\testtrainingwrite.cpp">
      <Filter>Source Files</Filter>
    </ClCompile>
    <ClCompile Include="D:\program\katago_windows\KataGo\cpp\tests\testnn.cpp">
      <Filter>Source Files</Filter>
    </ClCompile>
    <ClCompile Include="D:\program\katago_windows\KataGo\cpp\tests\tinymodel.cpp">
      <Filter>Source Files</Filter>
    </ClCompile>
    <ClCompile Include="D:\program\katago_windows\KataGo\cpp\tests\tinymodeldata.cpp">
      <Filter>Source Files</Filter>
    </ClCompile>
    <ClCompile Include="D:\program\katago_windows\KataGo\cpp\distributed\client.cpp">
      <Filter>Source Files</Filter>
    </ClCompile>
    <ClCompile Include="D:\program\katago_windows\KataGo\cpp\command\commandline.cpp">
      <Filter>Source Files</Filter>
    </ClCompile>
    <ClCompile Include="D:\program\katago_windows\KataGo\cpp\command\analysis.cpp">
      <Filter>Source Files</Filter>
    </ClCompile>
    <ClCompile Include="D:\program\katago_windows\KataGo\cpp\command\benchmark.cpp">
      <Filter>Source Files</Filter>
    </ClCompile>
    <ClCompile Include="D:\program\katago_windows\KataGo\cpp\command\contribute.cpp">
      <Filter>Source Files</Filter>
    </ClCompile>
    <ClCompile Include="D:\program\katago_windows\KataGo\cpp\command\evalsgf.cpp">
      <Filter>Source Files</Filter>
    </ClCompile>
    <ClCompile Include="D:\program\katago_windows\KataGo\cpp\command\gatekeeper.cpp">
      <Filter>Source Files</Filter>
    </ClCompile>
    <ClCompile Include="D:\program\katago_windows\KataGo\cpp\command\genbook.cpp">
      <Filter>Source Files</Filter>
    </ClCompile>
    <ClCompile Include="D:\program\katago_windows\KataGo\cpp\command\gputest.cpp">
      <Filter>Source Files</Filter>
    </ClCompile>
    <ClCompile Include="D:\program\katago_windows\KataGo\cpp\command\gtp.cpp">
      <Filter>Source Files</Filter>
    </ClCompile>
    <ClCompile Include="D:\program\katago_windows\KataGo\cpp\command\match.cpp">
      <Filter>Source Files</Filter>
    </ClCompile>
    <ClCompile Include="D:\program\katago_windows\KataGo\cpp\command\matchauto.cpp">
      <Filter>Source Files</Filter>
    </ClCompile>
    <ClCompile Include="D:\program\katago_windows\KataGo\cpp\command\misc.cpp">
      <Filter>Source Files</Filter>
    </ClCompile>
    <ClCompile Include="D:\program\katago_windows\KataGo\cpp\command\runtests.cpp">
      <Filter>Source Files</Filter>
    </ClCompile>
    <ClCompile Include="D:\program\katago_windows\KataGo\cpp\command\sandbox.cpp">
      <Filter>Source Files</Filter>
    </ClCompile>
    <ClCompile Include="D:\program\katago_windows\KataGo\cpp\command\selfplay.cpp">
      <Filter>Source Files</Filter>
    </ClCompile>
    <ClCompile Include="D:\program\katago_windows\KataGo\cpp\command\tune.cpp">
      <Filter>Source Files</Filter>
    </ClCompile>
    <ClCompile Include="D:\program\katago_windows\KataGo\cpp\main.cpp">
      <Filter>Source Files</Filter>
    </ClCompile>
  </ItemGroup>
  <ItemGroup>
    <ClInclude Include="D:\program\katago_windows\KataGo\build-opencl\program\gitinfoupdated.h">
      <Filter>Header Files</Filter>
    </ClInclude>
  </ItemGroup>
  <ItemGroup>
    <CustomBuild Include="D:\program\katago_windows\KataGo\build-opencl\CMakeFiles\1c5d0dfe6e923ad0a7f54df8eccbce65\gitinfoupdated.h.rule">
      <Filter>CMake Rules</Filter>
    </CustomBuild>
    <CustomBuild Include="D:\program\katago_windows\KataGo\cpp\CMakeLists.txt" />
  </ItemGroup>
  <ItemGroup>
    <Filter Include="CMake Rules">
      <UniqueIdentifier>{177B43AF-75AB-3C8F-9886-BD45ACB7F3ED}</UniqueIdentifier>
    </Filter>
    <Filter Include="Header Files">
      <UniqueIdentifier>{884CD96F-7D6B-3869-AC70-6CBD9ABAC342}</UniqueIdentifier>
    </Filter>
    <Filter Include="Source Files">
      <UniqueIdentifier>{46791E95-41A1-3379-8113-4F42D952D76E}</UniqueIdentifier>
    </Filter>
  </ItemGroup>
</Project>
